{
  "requires": true,
  "lockfileVersion": 1,
  "dependencies": {
    "codemaster": {
      "version": "0.0.21",
      "resolved": "https://registry.npmjs.org/codemaster/-/codemaster-0.0.21.tgz",
      "integrity": "sha512-kGJ0b1ey6oaQq0QybgA8qVJkFccmQi2NvIhRzFjE68zejlgbxp3whNgC5biQslmlyQkiXNCuz9CAsigZS0u+Ng=="
    },
    "jquery": {
      "version": "3.4.1",
      "resolved": "https://registry.npmjs.org/jquery/-/jquery-3.4.1.tgz",
      "integrity": "sha512-36+AdBzCL+y6qjw5Tx7HgzeGCzC81MDDgaUP8ld2zhx58HdqXGoBd+tHdrBMiyjGQs0Hxs/MLZTu/eHNJJuWPw=="
    },
    "q": {
      "version": "0.9.7",
      "resolved": "https://registry.npmjs.org/q/-/q-0.9.7.tgz",
      "integrity": "sha1-TeLmyzspCIyeTLwDv51C+5bOL3U="
    },
    "requestify": {
      "version": "0.2.5",
      "resolved": "https://registry.npmjs.org/requestify/-/requestify-0.2.5.tgz",
      "integrity": "sha1-gCSfHKff33n6KmBIrqw31D4jyQU=",
      "requires": {
        "jquery": "^3.1.0",
        "q": "^0.9.7",
        "underscore": "^1.8.3"
      }
    },
    "underscore": {
      "version": "1.9.1",
      "resolved": "https://registry.npmjs.org/underscore/-/underscore-1.9.1.tgz",
      "integrity": "sha512-5/4etnCkd9c8gwgowi5/om/mYO5ajCaOgdzj/oW+0eQV9WxKBDZw5+ycmKmeaTXjInS/W0BzpGLo2xR2aBwZdg=="
    }
  }
}
